
Microsoft Visual Studio Solution File, Format Version 12.00
# Visual Studio 15
VisualStudioVersion = 15.0.27130.2010
MinimumVisualStudioVersion = 10.0.40219.1
Project("{FAE04EC0-301F-11D3-BF4B-00C04F79EFBC}") = "BusinessSimulation", "BusinessSimulation\BusinessSimulation.csproj", "{A922E166-1031-43FB-97AE-D76AE3DB27A8}"
	ProjectSection(ProjectDependencies) = postProject
		{FF96C863-EAC9-408A-837F-6BC46478E243} = {FF96C863-EAC9-408A-837F-6BC46478E243}
	EndProjectSection
EndProject
Project("{9A19103F-16F7-4668-BE54-9A1E7A4F7556}") = "Saasi.Microservices.Memory", "..\..\Saasi.Microservices\Saasi.Microservices.Memory\Saasi.Microservices.Memory.csproj", "{DF8276A5-2589-4412-85CB-AB96A2DF5A5C}"
EndProject
Project("{9A19103F-16F7-4668-BE54-9A1E7A4F7556}") = "Saasi.Shared.Workload", "..\..\Saasi.Shared\Saasi.Shared.Workload\Saasi.Shared.Workload.csproj", "{FF96C863-EAC9-408A-837F-6BC46478E243}"
EndProject
Project("{9A19103F-16F7-4668-BE54-9A1E7A4F7556}") = "Saasi.Microservices.Cpu", "..\..\Saasi.Microservices\Saasi.Microservices.Cpu\Saasi.Microservices.Cpu.csproj", "{D903E1AF-AC8A-45F4-9692-53E6BE327749}"
EndProject
Global
	GlobalSection(SolutionConfigurationPlatforms) = preSolution
		Debug|Any CPU = Debug|Any CPU
		Release|Any CPU = Release|Any CPU
	EndGlobalSection
	GlobalSection(ProjectConfigurationPlatforms) = postSolution
		{A922E166-1031-43FB-97AE-D76AE3DB27A8}.Debug|Any CPU.ActiveCfg = Debug|Any CPU
		{A922E166-1031-43FB-97AE-D76AE3DB27A8}.Debug|Any CPU.Build.0 = Debug|Any CPU
		{A922E166-1031-43FB-97AE-D76AE3DB27A8}.Release|Any CPU.ActiveCfg = Release|Any CPU
		{A922E166-1031-43FB-97AE-D76AE3DB27A8}.Release|Any CPU.Build.0 = Release|Any CPU
		{DF8276A5-2589-4412-85CB-AB96A2DF5A5C}.Debug|Any CPU.ActiveCfg = Debug|Any CPU
		{DF8276A5-2589-4412-85CB-AB96A2DF5A5C}.Debug|Any CPU.Build.0 = Debug|Any CPU
		{DF8276A5-2589-4412-85CB-AB96A2DF5A5C}.Release|Any CPU.ActiveCfg = Release|Any CPU
		{DF8276A5-2589-4412-85CB-AB96A2DF5A5C}.Release|Any CPU.Build.0 = Release|Any CPU
		{FF96C863-EAC9-408A-837F-6BC46478E243}.Debug|Any CPU.ActiveCfg = Debug|Any CPU
		{FF96C863-EAC9-408A-837F-6BC46478E243}.Debug|Any CPU.Build.0 = Debug|Any CPU
		{FF96C863-EAC9-408A-837F-6BC46478E243}.Release|Any CPU.ActiveCfg = Release|Any CPU
		{FF96C863-EAC9-408A-837F-6BC46478E243}.Release|Any CPU.Build.0 = Release|Any CPU
		{D903E1AF-AC8A-45F4-9692-53E6BE327749}.Debug|Any CPU.ActiveCfg = Debug|Any CPU
		{D903E1AF-AC8A-45F4-9692-53E6BE327749}.Debug|Any CPU.Build.0 = Debug|Any CPU
		{D903E1AF-AC8A-45F4-9692-53E6BE327749}.Release|Any CPU.ActiveCfg = Release|Any CPU
		{D903E1AF-AC8A-45F4-9692-53E6BE327749}.Release|Any CPU.Build.0 = Release|Any CPU
	EndGlobalSection
	GlobalSection(SolutionProperties) = preSolution
		HideSolutionNode = FALSE
	EndGlobalSection
	GlobalSection(ExtensibilityGlobals) = postSolution
		SolutionGuid = {207437C9-BCAE-4919-AEC2-F0001563D03E}
	EndGlobalSection
EndGlobal
