
Microsoft Visual Studio Solution File, Format Version 12.00
# Visual Studio 15
VisualStudioVersion = 15.0.26430.6
MinimumVisualStudioVersion = 10.0.40219.1
Project("{9A19103F-16F7-4668-BE54-9A1E7A4F7556}") = "LoadGenerator", "LoadGenerator.csproj", "{D600944C-938F-4DB5-BFC1-46E6A5B75CA4}"
EndProject
Global
	GlobalSection(SolutionConfigurationPlatforms) = preSolution
		Debug|Any CPU = Debug|Any CPU
		Release|Any CPU = Release|Any CPU
	EndGlobalSection
	GlobalSection(ProjectConfigurationPlatforms) = postSolution
		{D600944C-938F-4DB5-BFC1-46E6A5B75CA4}.Debug|Any CPU.ActiveCfg = Debug|Any CPU
		{D600944C-938F-4DB5-BFC1-46E6A5B75CA4}.Debug|Any CPU.Build.0 = Debug|Any CPU
		{D600944C-938F-4DB5-BFC1-46E6A5B75CA4}.Release|Any CPU.ActiveCfg = Release|Any CPU
		{D600944C-938F-4DB5-BFC1-46E6A5B75CA4}.Release|Any CPU.Build.0 = Release|Any CPU
	EndGlobalSection
	GlobalSection(SolutionProperties) = preSolution
		HideSolutionNode = FALSE
	EndGlobalSection
EndGlobal
