
Microsoft Visual Studio Solution File, Format Version 12.00
# Visual Studio 15
VisualStudioVersion = 15.0.27130.2010
MinimumVisualStudioVersion = 10.0.40219.1
Project("{9A19103F-16F7-4668-BE54-9A1E7A4F7556}") = "Saasi.Shared.Workload", "Saasi.Shared.Workload.csproj", "{72EF0CC0-C8D7-4EA2-8E0D-B5F70EA5904F}"
EndProject
Global
	GlobalSection(SolutionConfigurationPlatforms) = preSolution
		Debug|Any CPU = Debug|Any CPU
		Release|Any CPU = Release|Any CPU
	EndGlobalSection
	GlobalSection(ProjectConfigurationPlatforms) = postSolution
		{72EF0CC0-C8D7-4EA2-8E0D-B5F70EA5904F}.Debug|Any CPU.ActiveCfg = Debug|Any CPU
		{72EF0CC0-C8D7-4EA2-8E0D-B5F70EA5904F}.Debug|Any CPU.Build.0 = Debug|Any CPU
		{72EF0CC0-C8D7-4EA2-8E0D-B5F70EA5904F}.Release|Any CPU.ActiveCfg = Release|Any CPU
		{72EF0CC0-C8D7-4EA2-8E0D-B5F70EA5904F}.Release|Any CPU.Build.0 = Release|Any CPU
	EndGlobalSection
	GlobalSection(SolutionProperties) = preSolution
		HideSolutionNode = FALSE
	EndGlobalSection
	GlobalSection(ExtensibilityGlobals) = postSolution
		SolutionGuid = {FDDD7E10-CF0F-48A2-BB7F-D831D454AF12}
	EndGlobalSection
EndGlobal
